
Microsoft Visual Studio Solution File, Format Version 12.00
Project("{FAE04EC0-301F-11D3-BF4B-00C04F79EFBC}") = "HPlusSport.API", "HPlusSport.API\HPlusSport.API.csproj", "{D1BAAF86-BA93-4040-BBA7-F2BD87C47447}"
EndProject
Project("{FAE04EC0-301F-11D3-BF4B-00C04F79EFBC}") = "HPlusSport.Web", "HPlusSport.Web\HPlusSport.Web.csproj", "{C0C61E45-ED99-40F1-B04E-538B8067A853}"
EndProject
Global
	GlobalSection(SolutionConfigurationPlatforms) = preSolution
		Debug|Any CPU = Debug|Any CPU
		Release|Any CPU = Release|Any CPU
	EndGlobalSection
	GlobalSection(ProjectConfigurationPlatforms) = postSolution
		{D1BAAF86-BA93-4040-BBA7-F2BD87C47447}.Debug|Any CPU.ActiveCfg = Debug|Any CPU
		{D1BAAF86-BA93-4040-BBA7-F2BD87C47447}.Debug|Any CPU.Build.0 = Debug|Any CPU
		{D1BAAF86-BA93-4040-BBA7-F2BD87C47447}.Release|Any CPU.ActiveCfg = Release|Any CPU
		{D1BAAF86-BA93-4040-BBA7-F2BD87C47447}.Release|Any CPU.Build.0 = Release|Any CPU
		{C0C61E45-ED99-40F1-B04E-538B8067A853}.Debug|Any CPU.ActiveCfg = Debug|Any CPU
		{C0C61E45-ED99-40F1-B04E-538B8067A853}.Debug|Any CPU.Build.0 = Debug|Any CPU
		{C0C61E45-ED99-40F1-B04E-538B8067A853}.Release|Any CPU.ActiveCfg = Release|Any CPU
		{C0C61E45-ED99-40F1-B04E-538B8067A853}.Release|Any CPU.Build.0 = Release|Any CPU
	EndGlobalSection
EndGlobal
